
Microsoft Visual Studio Solution File, Format Version 12.00
# Visual Studio Version 16
VisualStudioVersion = 16.0.31321.278
MinimumVisualStudioVersion = 10.0.40219.1
Project("{FAE04EC0-301F-11D3-BF4B-00C04F79EFBC}") = "arraymultiplication", "arraymultiplication\arraymultiplication.csproj", "{C6994460-A92D-467C-8192-87F32A486E72}"
EndProject
Global
	GlobalSection(SolutionConfigurationPlatforms) = preSolution
		Debug|Any CPU = Debug|Any CPU
		Release|Any CPU = Release|Any CPU
	EndGlobalSection
	GlobalSection(ProjectConfigurationPlatforms) = postSolution
		{C6994460-A92D-467C-8192-87F32A486E72}.Debug|Any CPU.ActiveCfg = Debug|Any CPU
		{C6994460-A92D-467C-8192-87F32A486E72}.Debug|Any CPU.Build.0 = Debug|Any CPU
		{C6994460-A92D-467C-8192-87F32A486E72}.Release|Any CPU.ActiveCfg = Release|Any CPU
		{C6994460-A92D-467C-8192-87F32A486E72}.Release|Any CPU.Build.0 = Release|Any CPU
	EndGlobalSection
	GlobalSection(SolutionProperties) = preSolution
		HideSolutionNode = FALSE
	EndGlobalSection
	GlobalSection(ExtensibilityGlobals) = postSolution
		SolutionGuid = {018E494C-8A92-4A65-9769-562FDB93F71A}
	EndGlobalSection
EndGlobal
